hash: 3a10bafd446ed86402483485c66c060e4590a7b5c72a7614f7183ba144681064
updated: 2016-09-03T13:58:29.390369006+02:00
imports:
- name: github.com/andybalholm/cascadia
  version: 1c31af6f6c1a7b101ed05aacc7d8a738b43ae86e
- name: github.com/galdor/go-cmdline
  version: 13667367d5986f5f39e27ef8f43119e490696511
- name: github.com/gorilla/feeds
  version: 441264de03a8117ed530ae8e049d8f601a33a099
- name: github.com/mattn/go-sqlite3
  version: 3b3f1d01b2696af5501697c35629048c227586ab
- name: github.com/mmcdole/gofeed
  version: 7ff76d80ba6c676f5af4d1a19c9733d2fa7dbab5
  subpackages:
  - atom
  - extensions
  - internal/shared
  - rss
- name: github.com/mmcdole/goxpp
  version: e38884aa48c1952a416ba35f3c276e4f02f9b40e
- name: github.com/PuerkitoBio/goquery
  version: 152b1a2c8f5d0340f658bb656032a39b94e52958
- name: golang.org/x/net
  version: 1358eff22f0dd0c54fc521042cc607f6ff4b531a
  subpackages:
  - html
  - html/atom
  - html/charset
- name: golang.org/x/text
  version: ceefd2213ed29504fff30155163c8f59827734f3
  subpackages:
  - encoding
  - encoding/charmap
  - encoding/htmlindex
  - encoding/internal
  - encoding/internal/identifier
  - encoding/japanese
  - encoding/korean
  - encoding/simplifiedchinese
  - encoding/traditionalchinese
  - encoding/unicode
  - internal/tag
  - internal/utf8internal
  - language
  - runes
  - transform
testImports: []
